// !$*UTF8*$!
{
	archiveVersion = 1;
	classes = {
	};
	objectVersion = 46;
	objects = {

/* Begin PBXBuildFile section */
		9871DB891E544036007EFA7E /* main.m in Sources */ = {isa = PBXBuildFile; fileRef = 9871DB881E544036007EFA7E /* main.m */; };
		9871DB8C1E544036007EFA7E /* AppDelegate.m in Sources */ = {isa = PBXBuildFile; fileRef = 9871DB8B1E544036007EFA7E /* AppDelegate.m */; };
		9871DB941E544036007EFA7E /* Assets.xcassets in Resources */ = {isa = PBXBuildFile; fileRef = 9871DB931E544036007EFA7E /* Assets.xcassets */; };
		9871DB971E544036007EFA7E /* LaunchScreen.storyboard in Resources */ = {isa = PBXBuildFile; fileRef = 9871DB951E544036007EFA7E /* LaunchScreen.storyboard */; };
		9871DB9F1E544053007EFA7E /* sampleImage.jpg in Resources */ = {isa = PBXBuildFile; fileRef = 9871DB9E1E544053007EFA7E /* sampleImage.jpg */; };
		9871DBA11E544071007EFA7E /* RWUIControls.framework in Frameworks */ = {isa = PBXBuildFile; fileRef = 9871DBA01E544071007EFA7E /* RWUIControls.framework */; };
		9871DBA51E544094007EFA7E /* Main.storyboard in Resources */ = {isa = PBXBuildFile; fileRef = 9871DBA21E544094007EFA7E /* Main.storyboard */; };
		9871DBA61E544094007EFA7E /* RWViewController.m in Sources */ = {isa = PBXBuildFile; fileRef = 9871DBA41E544094007EFA7E /* RWViewController.m */; };
/* End PBXBuildFile section */

/* Begin PBXFileReference section */
		9871DB841E544036007EFA7E /* ImageViewer.app */ = {isa = PBXFileReference; explicitFileType = wrapper.application; includeInIndex = 0; path = ImageViewer.app; sourceTree = BUILT_PRODUCTS_DIR; };
		9871DB881E544036007EFA7E /* main.m */ = {isa = PBXFileReference; lastKnownFileType = sourcecode.c.objc; path = main.m; sourceTree = "<group>"; };
		9871DB8A1E544036007EFA7E /* AppDelegate.h */ = {isa = PBXFileReference; lastKnownFileType = sourcecode.c.h; path = AppDelegate.h; sourceTree = "<group>"; };
		9871DB8B1E544036007EFA7E /* AppDelegate.m */ = {isa = PBXFileReference; lastKnownFileType = sourcecode.c.objc; path = AppDelegate.m; sourceTree = "<group>"; };
		9871DB931E544036007EFA7E /* Assets.xcassets */ = {isa = PBXFileReference; lastKnownFileType = folder.assetcatalog; path = Assets.xcassets; sourceTree = "<group>"; };
		9871DB961E544036007EFA7E /* Base */ = {isa = PBXFileReference; lastKnownFileType = file.storyboard; name = Base; path = Base.lproj/LaunchScreen.storyboard; sourceTree = "<group>"; };
		9871DB981E544036007EFA7E /* Info.plist */ = {isa = PBXFileReference; lastKnownFileType = text.plist.xml; path = Info.plist; sourceTree = "<group>"; };
		9871DB9E1E544053007EFA7E /* sampleImage.jpg */ = {isa = PBXFileReference; lastKnownFileType = image.jpeg; path = sampleImage.jpg; sourceTree = "<group>"; };
		9871DBA01E544071007EFA7E /* RWUIControls.framework */ = {isa = PBXFileReference; lastKnownFileType = wrapper.framework; path = RWUIControls.framework; sourceTree = "<group>"; };
		9871DBA21E544094007EFA7E /* Main.storyboard */ = {isa = PBXFileReference; fileEncoding = 4; lastKnownFileType = file.storyboard; path = Main.storyboard; sourceTree = "<group>"; };
		9871DBA31E544094007EFA7E /* RWViewController.h */ = {isa = PBXFileReference; fileEncoding = 4; lastKnownFileType = sourcecode.c.h; path = RWViewController.h; sourceTree = "<group>"; };
		9871DBA41E544094007EFA7E /* RWViewController.m */ = {isa = PBXFileReference; fileEncoding = 4; lastKnownFileType = sourcecode.c.objc; path = RWViewController.m; sourceTree = "<group>"; };
/* End PBXFileReference section */

/* Begin PBXFrameworksBuildPhase section */
		9871DB811E544036007EFA7E /* Frameworks */ = {
			isa = PBXFrameworksBuildPhase;
			buildActionMask = 2147483647;
			files = (
				9871DBA11E544071007EFA7E /* RWUIControls.framework in Frameworks */,
			);
			runOnlyForDeploymentPostprocessing = 0;
		};
/* End PBXFrameworksBuildPhase section */

/* Begin PBXGroup section */
		9871DB7B1E544036007EFA7E = {
			isa = PBXGroup;
			children = (
				9871DB861E544036007EFA7E /* ImageViewer */,
				9871DB851E544036007EFA7E /* Products */,
			);
			sourceTree = "<group>";
		};
		9871DB851E544036007EFA7E /* Products */ = {
			isa = PBXGroup;
			children = (
				9871DB841E544036007EFA7E /* ImageViewer.app */,
			);
			name = Products;
			sourceTree = "<group>";
		};
		9871DB861E544036007EFA7E /* ImageViewer */ = {
			isa = PBXGroup;
			children = (
				9871DBA01E544071007EFA7E /* RWUIControls.framework */,
				9871DB9E1E544053007EFA7E /* sampleImage.jpg */,
				9871DB8A1E544036007EFA7E /* AppDelegate.h */,
				9871DB8B1E544036007EFA7E /* AppDelegate.m */,
				9871DBA21E544094007EFA7E /* Main.storyboard */,
				9871DBA31E544094007EFA7E /* RWViewController.h */,
				9871DBA41E544094007EFA7E /* RWViewController.m */,
				9871DB931E544036007EFA7E /* Assets.xcassets */,
				9871DB951E544036007EFA7E /* LaunchScreen.storyboard */,
				9871DB981E544036007EFA7E /* Info.plist */,
				9871DB871E544036007EFA7E /* Supporting Files */,
			);
			path = ImageViewer;
			sourceTree = "<group>";
		};
		9871DB871E544036007EFA7E /* Supporting Files */ = {
			isa = PBXGroup;
			children = (
				9871DB881E544036007EFA7E /* main.m */,
			);
			name = "Supporting Files";
			sourceTree = "<group>";
		};
/* End PBXGroup section */

/* Begin PBXNativeTarget section */
		9871DB831E544036007EFA7E /* ImageViewer */ = {
			isa = PBXNativeTarget;
			buildConfigurationList = 9871DB9B1E544036007EFA7E /* Build configuration list for PBXNativeTarget "ImageViewer" */;
			buildPhases = (
				9871DB801E544036007EFA7E /* Sources */,
				9871DB811E544036007EFA7E /* Frameworks */,
				9871DB821E544036007EFA7E /* Resources */,
			);
			buildRules = (
			);
			dependencies = (
			);
			name = ImageViewer;
			productName = ImageViewer;
			productReference = 9871DB841E544036007EFA7E /* ImageViewer.app */;
			productType = "com.apple.product-type.application";
		};
/* End PBXNativeTarget section */

/* Begin PBXProject section */
		9871DB7C1E544036007EFA7E /* Project object */ = {
			isa = PBXProject;
			attributes = {
				LastUpgradeCheck = 0820;
				ORGANIZATIONNAME = lyle;
				TargetAttributes = {
					9871DB831E544036007EFA7E = {
						CreatedOnToolsVersion = 8.2.1;
						ProvisioningStyle = Automatic;
					};
				};
			};
			buildConfigurationList = 9871DB7F1E544036007EFA7E /* Build configuration list for PBXProject "ImageViewer" */;
			compatibilityVersion = "Xcode 3.2";
			developmentRegion = English;
			hasScannedForEncodings = 0;
			knownRegions = (
				en,
				Base,
			);
			mainGroup = 9871DB7B1E544036007EFA7E;
			productRefGroup = 9871DB851E544036007EFA7E /* Products */;
			projectDirPath = "";
			projectRoot = "";
			targets = (
				9871DB831E544036007EFA7E /* ImageViewer */,
			);
		};
/* End PBXProject section */

/* Begin PBXResourcesBuildPhase section */
		9871DB821E544036007EFA7E /* Resources */ = {
			isa = PBXResourcesBuildPhase;
			buildActionMask = 2147483647;
			files = (
				9871DB971E544036007EFA7E /* LaunchScreen.storyboard in Resources */,
				9871DB941E544036007EFA7E /* Assets.xcassets in Resources */,
				9871DB9F1E544053007EFA7E /* sampleImage.jpg in Resources */,
				9871DBA51E544094007EFA7E /* Main.storyboard in Resources */,
			);
			runOnlyForDeploymentPostprocessing = 0;
		};
/* End PBXResourcesBuildPhase section */

/* Begin PBXSourcesBuildPhase section */
		9871DB801E544036007EFA7E /* Sources */ = {
			isa = PBXSourcesBuildPhase;
			buildActionMask = 2147483647;
			files = (
				9871DB8C1E544036007EFA7E /* AppDelegate.m in Sources */,
				9871DBA61E544094007EFA7E /* RWViewController.m in Sources */,
				9871DB891E544036007EFA7E /* main.m in Sources */,
			);
			runOnlyForDeploymentPostprocessing = 0;
		};
/* End PBXSourcesBuildPhase section */

/* Begin PBXVariantGroup section */
		9871DB951E544036007EFA7E /* LaunchScreen.storyboard */ = {
			isa = PBXVariantGroup;
			children = (
				9871DB961E544036007EFA7E /* Base */,
			);
			name = LaunchScreen.storyboard;
			sourceTree = "<group>";
		};
/* End PBXVariantGroup section */

/* Begin XCBuildConfiguration section */
		9871DB991E544036007EFA7E /* Debug */ = {
			isa = XCBuildConfiguration;
			buildSettings = {
				ALWAYS_SEARCH_USER_PATHS = NO;
				CLANG_ANALYZER_NONNULL = YES;
				CLANG_CXX_LANGUAGE_STANDARD = "gnu++0x";
				CLANG_CXX_LIBRARY = "libc++";
				CLANG_ENABLE_MODULES = YES;
				CLANG_ENABLE_OBJC_ARC = YES;
				CLANG_WARN_BOOL_CONVERSION = YES;
				CLANG_WARN_CONSTANT_CONVERSION = YES;
				CLANG_WARN_DIRECT_OBJC_ISA_USAGE = YES_ERROR;
				CLANG_WARN_DOCUMENTATION_COMMENTS = YES;
				CLANG_WARN_EMPTY_BODY = YES;
				CLANG_WARN_ENUM_CONVERSION = YES;
				CLANG_WARN_INFINITE_RECURSION = YES;
				CLANG_WARN_INT_CONVERSION = YES;
				CLANG_WARN_OBJC_ROOT_CLASS = YES_ERROR;
				CLANG_WARN_SUSPICIOUS_MOVE = YES;
				CLANG_WARN_UNREACHABLE_CODE = YES;
				CLANG_WARN__DUPLICATE_METHOD_MATCH = YES;
				"CODE_SIGN_IDENTITY[sdk=iphoneos*]" = "iPhone Developer";
				COPY_PHASE_STRIP = NO;
				DEBUG_INFORMATION_FORMAT = dwarf;
				ENABLE_STRICT_OBJC_MSGSEND = YES;
				ENABLE_TESTABILITY = YES;
				GCC_C_LANGUAGE_STANDARD = gnu99;
				GCC_DYNAMIC_NO_PIC = NO;
				GCC_NO_COMMON_BLOCKS = YES;
				GCC_OPTIMIZATION_LEVEL = 0;
				GCC_PREPROCESSOR_DEFINITIONS = (
					"DEBUG=1",
					"$(inherited)",
				);
				GCC_WARN_64_TO_32_BIT_CONVERSION = YES;
				GCC_WARN_ABOUT_RETURN_TYPE = YES_ERROR;
				GCC_WARN_UNDECLARED_SELECTOR = YES;
				GCC_WARN_UNINITIALIZED_AUTOS = YES_AGGRESSIVE;
				GCC_WARN_UNUSED_FUNCTION = YES;
				GCC_WARN_UNUSED_VARIABLE = YES;
				IPHONEOS_DEPLOYMENT_TARGET = 10.2;
				MTL_ENABLE_DEBUG_INFO = YES;
				ONLY_ACTIVE_ARCH = YES;
				SDKROOT = iphoneos;
			};
			name = Debug;
		};
		9871DB9A1E544036007EFA7E /* Release */ = {
			isa = XCBuildConfiguration;
			buildSettings = {
				ALWAYS_SEARCH_USER_PATHS = NO;
				CLANG_ANALYZER_NONNULL = YES;
				CLANG_CXX_LANGUAGE_STANDARD = "gnu++0x";
				CLANG_CXX_LIBRARY = "libc++";
				CLANG_ENABLE_MODULES = YES;
				CLANG_ENABLE_OBJC_ARC = YES;
				CLANG_WARN_BOOL_CONVERSION = YES;
				CLANG_WARN_CONSTANT_CONVERSION = YES;
				CLANG_WARN_DIRECT_OBJC_ISA_USAGE = YES_ERROR;
				CLANG_WARN_DOCUMENTATION_COMMENTS = YES;
				CLANG_WARN_EMPTY_BODY = YES;
				CLANG_WARN_ENUM_CONVERSION = YES;
				CLANG_WARN_INFINITE_RECURSION = YES;
				CLANG_WARN_INT_CONVERSION = YES;
				CLANG_WARN_OBJC_ROOT_CLASS = YES_ERROR;
				CLANG_WARN_SUSPICIOUS_MOVE = YES;
				CLANG_WARN_UNREACHABLE_CODE = YES;
				CLANG_WARN__DUPLICATE_METHOD_MATCH = YES;
				"CODE_SIGN_IDENTITY[sdk=iphoneos*]" = "iPhone Developer";
				COPY_PHASE_STRIP = NO;
				DEBUG_INFORMATION_FORMAT = "dwarf-with-dsym";
				ENABLE_NS_ASSERTIONS = NO;
				ENABLE_STRICT_OBJC_MSGSEND = YES;
				GCC_C_LANGUAGE_STANDARD = gnu99;
				GCC_NO_COMMON_BLOCKS = YES;
				GCC_WARN_64_TO_32_BIT_CONVERSION = YES;
				GCC_WARN_ABOUT_RETURN_TYPE = YES_ERROR;
				GCC_WARN_UNDECLARED_SELECTOR = YES;
				GCC_WARN_UNINITIALIZED_AUTOS = YES_AGGRESSIVE;
				GCC_WARN_UNUSED_FUNCTION = YES;
				GCC_WARN_UNUSED_VARIABLE = YES;
				IPHONEOS_DEPLOYMENT_TARGET = 10.2;
				MTL_ENABLE_DEBUG_INFO = NO;
				SDKROOT = iphoneos;
				VALIDATE_PRODUCT = YES;
			};
			name = Release;
		};
		9871DB9C1E544036007EFA7E /* Debug */ = {
			isa = XCBuildConfiguration;
			buildSettings = {
				ASSETCATALOG_COMPILER_APPICON_NAME = AppIcon;
				FRAMEWORK_SEARCH_PATHS = (
					"$(inherited)",
					"$(PROJECT_DIR)/ImageViewer",
				);
				INFOPLIST_FILE = ImageViewer/Info.plist;
				LD_RUNPATH_SEARCH_PATHS = "$(inherited) @executable_path/Frameworks";
				PRODUCT_BUNDLE_IDENTIFIER = com.lyle.ImageViewer;
				PRODUCT_NAME = "$(TARGET_NAME)";
			};
			name = Debug;
		};
		9871DB9D1E544036007EFA7E /* Release */ = {
			isa = XCBuildConfiguration;
			buildSettings = {
				ASSETCATALOG_COMPILER_APPICON_NAME = AppIcon;
				FRAMEWORK_SEARCH_PATHS = (
					"$(inherited)",
					"$(PROJECT_DIR)/ImageViewer",
				);
				INFOPLIST_FILE = ImageViewer/Info.plist;
				LD_RUNPATH_SEARCH_PATHS = "$(inherited) @executable_path/Frameworks";
				PRODUCT_BUNDLE_IDENTIFIER = com.lyle.ImageViewer;
				PRODUCT_NAME = "$(TARGET_NAME)";
			};
			name = Release;
		};
/* End XCBuildConfiguration section */

/* Begin XCConfigurationList section */
		9871DB7F1E544036007EFA7E /* Build configuration list for PBXProject "ImageViewer" */ = {
			isa = XCConfigurationList;
			buildConfigurations = (
				9871DB991E544036007EFA7E /* Debug */,
				9871DB9A1E544036007EFA7E /* Release */,
			);
			defaultConfigurationIsVisible = 0;
			defaultConfigurationName = Release;
		};
		9871DB9B1E544036007EFA7E /* Build configuration list for PBXNativeTarget "ImageViewer" */ = {
			isa = XCConfigurationList;
			buildConfigurations = (
				9871DB9C1E544036007EFA7E /* Debug */,
				9871DB9D1E544036007EFA7E /* Release */,
			);
			defaultConfigurationIsVisible = 0;
		};
/* End XCConfigurationList section */
	};
	rootObject = 9871DB7C1E544036007EFA7E /* Project object */;
}
